// !$*UTF8*$!
{
	archiveVersion = 1;
	classes = {
	};
	objectVersion = 77;
	objects = {

/* Begin PBXBuildFile section */
		27214A0E306305A0007F2182 /* RateRow.swift in Sources */ = {isa = PBXBuildFile; fileRef = 27214A0D30630597007F2182 /* RateRow.swift */; };
		27D972BA3059D3C800689950 /* RatesListView.swift in Sources */ = {isa = PBXBuildFile; fileRef = 27D972B33059D3C800689950 /* RatesListView.swift */; };
		27D972BB3059D3C800689950 /* KurTakipApp.swift in Sources */ = {isa = PBXBuildFile; fileRef = 27D972B43059D3C800689950 /* KurTakipApp.swift */; };
		27D972BC3059D3C800689950 /* Rate.swift in Sources */ = {isa = PBXBuildFile; fileRef = 27D972B53059D3C800689950 /* Rate.swift */; };
		27D972BD3059D3C800689950 /* RatesCache.swift in Sources */ = {isa = PBXBuildFile; fileRef = 27D972B63059D3C800689950 /* RatesCache.swift */; };
		27D972BE3059D3C800689950 /* RateService.swift in Sources */ = {isa = PBXBuildFile; fileRef = 27D972B73059D3C800689950 /* RateService.swift */; };
		27D972BF3059D3C800689950 /* RatesViewModel.swift in Sources */ = {isa = PBXBuildFile; fileRef = 27D972B83059D3C800689950 /* RatesViewModel.swift */; };
/* End PBXBuildFile section */

/* Begin PBXContainerItemProxy section */
		27D972C83059E00700689950 /* PBXContainerItemProxy */ = {
			isa = PBXContainerItemProxy;
			containerPortal = 2794FDE63047508000892133 /* Project object */;
			proxyType = 1;
			remoteGlobalIDString = 2794FDED3047508000892133;
			remoteInfo = KurTakip;
		};
/* End PBXContainerItemProxy section */

/* Begin PBXFileReference section */
		27214A0D30630597007F2182 /* RateRow.swift */ = {isa = PBXFileReference; lastKnownFileType = sourcecode.swift; path = RateRow.swift; sourceTree = "<group>"; };
		2794FDEE3047508000892133 /* KurTakip.app */ = {isa = PBXFileReference; explicitFileType = wrapper.application; includeInIndex = 0; path = KurTakip.app; sourceTree = BUILT_PRODUCTS_DIR; };
		27D972B33059D3C800689950 /* RatesListView.swift */ = {isa = PBXFileReference; lastKnownFileType = sourcecode.swift; path = RatesListView.swift; sourceTree = "<group>"; };
		27D972B43059D3C800689950 /* KurTakipApp.swift */ = {isa = PBXFileReference; lastKnownFileType = sourcecode.swift; path = KurTakipApp.swift; sourceTree = "<group>"; };
		27D972B53059D3C800689950 /* Rate.swift */ = {isa = PBXFileReference; lastKnownFileType = sourcecode.swift; path = Rate.swift; sourceTree = "<group>"; };
		27D972B63059D3C800689950 /* RatesCache.swift */ = {isa = PBXFileReference; lastKnownFileType = sourcecode.swift; path = RatesCache.swift; sourceTree = "<group>"; };
		27D972B73059D3C800689950 /* RateService.swift */ = {isa = PBXFileReference; lastKnownFileType = sourcecode.swift; path = RateService.swift; sourceTree = "<group>"; };
		27D972B83059D3C800689950 /* RatesViewModel.swift */ = {isa = PBXFileReference; lastKnownFileType = sourcecode.swift; path = RatesViewModel.swift; sourceTree = "<group>"; };
		27D972C43059E00700689950 /* KurTakipTests.xctest */ = {isa = PBXFileReference; explicitFileType = wrapper.cfbundle; includeInIndex = 0; path = KurTakipTests.xctest; sourceTree = BUILT_PRODUCTS_DIR; };
/* End PBXFileReference section */

/* Begin PBXFileSystemSynchronizedRootGroup section */
		2794FDF03047508000892133 /* KurTakip */ = {
			isa = PBXFileSystemSynchronizedRootGroup;
			path = KurTakip;
			sourceTree = "<group>";
		};
		27D972C53059E00700689950 /* KurTakipTests */ = {
			isa = PBXFileSystemSynchronizedRootGroup;
			path = KurTakipTests;
			sourceTree = "<group>";
		};
/* End PBXFileSystemSynchronizedRootGroup section */

/* Begin PBXFrameworksBuildPhase section */
		2794FDEB3047508000892133 /* Frameworks */ = {
			isa = PBXFrameworksBuildPhase;
			buildActionMask = 2147483647;
			files = (
			);
			runOnlyForDeploymentPostprocessing = 0;
		};
		27D972C13059E00700689950 /* Frameworks */ = {
			isa = PBXFrameworksBuildPhase;
			buildActionMask = 2147483647;
			files = (
			);
			runOnlyForDeploymentPostprocessing = 0;
		};
/* End PBXFrameworksBuildPhase section */

/* Begin PBXGroup section */
		2794FDE53047508000892133 = {
			isa = PBXGroup;
			children = (
				27D972D23059F45000689950 /* Features */,
				27D972D13059F43700689950 /* Models */,
				27D972CE3059F3DE00689950 /* Core */,
				27D972CD3059F3C200689950 /* App */,
				2794FDF03047508000892133 /* KurTakip */,
				27D972C53059E00700689950 /* KurTakipTests */,
				2794FDEF3047508000892133 /* Products */,
			);
			sourceTree = "<group>";
		};
		2794FDEF3047508000892133 /* Products */ = {
			isa = PBXGroup;
			children = (
				2794FDEE3047508000892133 /* KurTakip.app */,
				27D972C43059E00700689950 /* KurTakipTests.xctest */,
			);
			name = Products;
			sourceTree = "<group>";
		};
		27D972CD3059F3C200689950 /* App */ = {
			isa = PBXGroup;
			children = (
				27D972B43059D3C800689950 /* KurTakipApp.swift */,
			);
			path = App;
			sourceTree = "<group>";
		};
		27D972CE3059F3DE00689950 /* Core */ = {
			isa = PBXGroup;
			children = (
				27D972D03059F41C00689950 /* Storage */,
				27D972CF3059F3EF00689950 /* Network */,
			);
			path = Core;
			sourceTree = "<group>";
		};
		27D972CF3059F3EF00689950 /* Network */ = {
			isa = PBXGroup;
			children = (
				27D972B73059D3C800689950 /* RateService.swift */,
			);
			path = Network;
			sourceTree = "<group>";
		};
		27D972D03059F41C00689950 /* Storage */ = {
			isa = PBXGroup;
			children = (
				27D972B63059D3C800689950 /* RatesCache.swift */,
			);
			path = Storage;
			sourceTree = "<group>";
		};
		27D972D13059F43700689950 /* Models */ = {
			isa = PBXGroup;
			children = (
				27D972B53059D3C800689950 /* Rate.swift */,
			);
			path = Models;
			sourceTree = "<group>";
		};
		27D972D23059F45000689950 /* Features */ = {
			isa = PBXGroup;
			children = (
				27D972D33059F46600689950 /* RatesList */,
			);
			path = Features;
			sourceTree = "<group>";
		};
		27D972D33059F46600689950 /* RatesList */ = {
			isa = PBXGroup;
			children = (
				27214A0D30630597007F2182 /* RateRow.swift */,
				27D972B83059D3C800689950 /* RatesViewModel.swift */,
				27D972B33059D3C800689950 /* RatesListView.swift */,
			);
			path = RatesList;
			sourceTree = "<group>";
		};
/* End PBXGroup section */

/* Begin PBXNativeTarget section */
		2794FDED3047508000892133 /* KurTakip */ = {
			isa = PBXNativeTarget;
			buildConfigurationList = 2794FDF93047508200892133 /* Build configuration list for PBXNativeTarget "KurTakip" */;
			buildPhases = (
				2794FDEA3047508000892133 /* Sources */,
				2794FDEB3047508000892133 /* Frameworks */,
				2794FDEC3047508000892133 /* Resources */,
			);
			buildRules = (
			);
			dependencies = (
			);
			fileSystemSynchronizedGroups = (
				2794FDF03047508000892133 /* KurTakip */,
			);
			name = KurTakip;
			packageProductDependencies = (
			);
			productName = KurTakip;
			productReference = 2794FDEE3047508000892133 /* KurTakip.app */;
			productType = "com.apple.product-type.application";
		};
		27D972C33059E00700689950 /* KurTakipTests */ = {
			isa = PBXNativeTarget;
			buildConfigurationList = 27D972CC3059E00700689950 /* Build configuration list for PBXNativeTarget "KurTakipTests" */;
			buildPhases = (
				27D972C03059E00700689950 /* Sources */,
				27D972C13059E00700689950 /* Frameworks */,
				27D972C23059E00700689950 /* Resources */,
			);
			buildRules = (
			);
			dependencies = (
				27D972C93059E00700689950 /* PBXTargetDependency */,
			);
			fileSystemSynchronizedGroups = (
				27D972C53059E00700689950 /* KurTakipTests */,
			);
			name = KurTakipTests;
			packageProductDependencies = (
			);
			productName = KurTakipTests;
			productReference = 27D972C43059E00700689950 /* KurTakipTests.xctest */;
			productType = "com.apple.product-type.bundle.unit-test";
		};
/* End PBXNativeTarget section */

/* Begin PBXProject section */
		2794FDE63047508000892133 /* Project object */ = {
			isa = PBXProject;
			attributes = {
				BuildIndependentTargetsInParallel = 1;
				LastSwiftUpdateCheck = 2630;
				LastUpgradeCheck = 2630;
				TargetAttributes = {
					2794FDED3047508000892133 = {
						CreatedOnToolsVersion = 26.3;
					};
					27D972C33059E00700689950 = {
						CreatedOnToolsVersion = 26.3;
						TestTargetID = 2794FDED3047508000892133;
					};
				};
			};
			buildConfigurationList = 2794FDE93047508000892133 /* Build configuration list for PBXProject "KurTakip" */;
			developmentRegion = en;
			hasScannedForEncodings = 0;
			knownRegions = (
				en,
				Base,
			);
			mainGroup = 2794FDE53047508000892133;
			minimizedProjectReferenceProxies = 1;
			preferredProjectObjectVersion = 77;
			productRefGroup = 2794FDEF3047508000892133 /* Products */;
			projectDirPath = "";
			projectRoot = "";
			targets = (
				2794FDED3047508000892133 /* KurTakip */,
				27D972C33059E00700689950 /* KurTakipTests */,
			);
		};
/* End PBXProject section */

/* Begin PBXResourcesBuildPhase section */
		2794FDEC3047508000892133 /* Resources */ = {
			isa = PBXResourcesBuildPhase;
			buildActionMask = 2147483647;
			files = (
			);
			runOnlyForDeploymentPostprocessing = 0;
		};
		27D972C23059E00700689950 /* Resources */ = {
			isa = PBXResourcesBuildPhase;
			buildActionMask = 2147483647;
			files = (
			);
			runOnlyForDeploymentPostprocessing = 0;
		};
/* End PBXResourcesBuildPhase section */

/* Begin PBXSourcesBuildPhase section */
		2794FDEA3047508000892133 /* Sources */ = {
			isa = PBXSourcesBuildPhase;
			buildActionMask = 2147483647;
			files = (
				27D972BA3059D3C800689950 /* RatesListView.swift in Sources */,
				27D972BB3059D3C800689950 /* KurTakipApp.swift in Sources */,
				27214A0E306305A0007F2182 /* RateRow.swift in Sources */,
				27D972BC3059D3C800689950 /* Rate.swift in Sources */,
				27D972BD3059D3C800689950 /* RatesCache.swift in Sources */,
				27D972BE3059D3C800689950 /* RateService.swift in Sources */,
				27D972BF3059D3C800689950 /* RatesViewModel.swift in Sources */,
			);
			runOnlyForDeploymentPostprocessing = 0;
		};
		27D972C03059E00700689950 /* Sources */ = {
			isa = PBXSourcesBuildPhase;
			buildActionMask = 2147483647;
			files = (
			);
			runOnlyForDeploymentPostprocessing = 0;
		};
/* End PBXSourcesBuildPhase section */

/* Begin PBXTargetDependency section */
		27D972C93059E00700689950 /* PBXTargetDependency */ = {
			isa = PBXTargetDependency;
			target = 2794FDED3047508000892133 /* KurTakip */;
			targetProxy = 27D972C83059E00700689950 /* PBXContainerItemProxy */;
		};
/* End PBXTargetDependency section */

/* Begin XCBuildConfiguration section */
		2794FDF73047508200892133 /* Debug */ = {
			isa = XCBuildConfiguration;
			buildSettings = {
				ALWAYS_SEARCH_USER_PATHS = NO;
				ASSETCATALOG_COMPILER_GENERATE_SWIFT_ASSET_SYMBOL_EXTENSIONS = YES;
				CLANG_ANALYZER_NONNULL = YES;
				CLANG_ANALYZER_NUMBER_OBJECT_CONVERSION = YES_AGGRESSIVE;
				CLANG_CXX_LANGUAGE_STANDARD = "gnu++20";
				CLANG_ENABLE_MODULES = YES;
				CLANG_ENABLE_OBJC_ARC = YES;
				CLANG_ENABLE_OBJC_WEAK = YES;
				CLANG_WARN_BLOCK_CAPTURE_AUTORELEASING = YES;
				CLANG_WARN_BOOL_CONVERSION = YES;
				CLANG_WARN_COMMA = YES;
				CLANG_WARN_CONSTANT_CONVERSION = YES;
				CLANG_WARN_DEPRECATED_OBJC_IMPLEMENTATIONS = YES;
				CLANG_WARN_DIRECT_OBJC_ISA_USAGE = YES_ERROR;
				CLANG_WARN_DOCUMENTATION_COMMENTS = YES;
				CLANG_WARN_EMPTY_BODY = YES;
				CLANG_WARN_ENUM_CONVERSION = YES;
				CLANG_WARN_INFINITE_RECURSION = YES;
				CLANG_WARN_INT_CONVERSION = YES;
				CLANG_WARN_NON_LITERAL_NULL_CONVERSION = YES;
				CLANG_WARN_OBJC_IMPLICIT_RETAIN_SELF = YES;
				CLANG_WARN_OBJC_LITERAL_CONVERSION = YES;
				CLANG_WARN_OBJC_ROOT_CLASS = YES_ERROR;
				CLANG_WARN_QUOTED_INCLUDE_IN_FRAMEWORK_HEADER = YES;
				CLANG_WARN_RANGE_LOOP_ANALYSIS = YES;
				CLANG_WARN_STRICT_PROTOTYPES = YES;
				CLANG_WARN_SUSPICIOUS_MOVE = YES;
				CLANG_WARN_UNGUARDED_AVAILABILITY = YES_AGGRESSIVE;
				CLANG_WARN_UNREACHABLE_CODE = YES;
				CLANG_WARN__DUPLICATE_METHOD_MATCH = YES;
				COPY_PHASE_STRIP = NO;
				DEBUG_INFORMATION_FORMAT = dwarf;
				ENABLE_STRICT_OBJC_MSGSEND = YES;
				ENABLE_TESTABILITY = YES;
				ENABLE_USER_SCRIPT_SANDBOXING = YES;
				GCC_C_LANGUAGE_STANDARD = gnu17;
				GCC_DYNAMIC_NO_PIC = NO;
				GCC_NO_COMMON_BLOCKS = YES;
				GCC_OPTIMIZATION_LEVEL = 0;
				GCC_PREPROCESSOR_DEFINITIONS = (
					"DEBUG=1",
					"$(inherited)",
				);
				GCC_WARN_64_TO_32_BIT_CONVERSION = YES;
				GCC_WARN_ABOUT_RETURN_TYPE = YES_ERROR;
				GCC_WARN_UNDECLARED_SELECTOR = YES;
				GCC_WARN_UNINITIALIZED_AUTOS = YES_AGGRESSIVE;
				GCC_WARN_UNUSED_FUNCTION = YES;
				GCC_WARN_UNUSED_VARIABLE = YES;
				IPHONEOS_DEPLOYMENT_TARGET = 26.2;
				LOCALIZATION_PREFERS_STRING_CATALOGS = YES;
				MTL_ENABLE_DEBUG_INFO = INCLUDE_SOURCE;
				MTL_FAST_MATH = YES;
				ONLY_ACTIVE_ARCH = YES;
				SDKROOT = iphoneos;
				SWIFT_ACTIVE_COMPILATION_CONDITIONS = "DEBUG $(inherited)";
				SWIFT_OPTIMIZATION_LEVEL = "-Onone";
			};
			name = Debug;
		};
		2794FDF83047508200892133 /* Release */ = {
			isa = XCBuildConfiguration;
			buildSettings = {
				ALWAYS_SEARCH_USER_PATHS = NO;
				ASSETCATALOG_COMPILER_GENERATE_SWIFT_ASSET_SYMBOL_EXTENSIONS = YES;
				CLANG_ANALYZER_NONNULL = YES;
				CLANG_ANALYZER_NUMBER_OBJECT_CONVERSION = YES_AGGRESSIVE;
				CLANG_CXX_LANGUAGE_STANDARD = "gnu++20";
				CLANG_ENABLE_MODULES = YES;
				CLANG_ENABLE_OBJC_ARC = YES;
				CLANG_ENABLE_OBJC_WEAK = YES;
				CLANG_WARN_BLOCK_CAPTURE_AUTORELEASING = YES;
				CLANG_WARN_BOOL_CONVERSION = YES;
				CLANG_WARN_COMMA = YES;
				CLANG_WARN_CONSTANT_CONVERSION = YES;
				CLANG_WARN_DEPRECATED_OBJC_IMPLEMENTATIONS = YES;
				CLANG_WARN_DIRECT_OBJC_ISA_USAGE = YES_ERROR;
				CLANG_WARN_DOCUMENTATION_COMMENTS = YES;
				CLANG_WARN_EMPTY_BODY = YES;
				CLANG_WARN_ENUM_CONVERSION = YES;
				CLANG_WARN_INFINITE_RECURSION = YES;
				CLANG_WARN_INT_CONVERSION = YES;
				CLANG_WARN_NON_LITERAL_NULL_CONVERSION = YES;
				CLANG_WARN_OBJC_IMPLICIT_RETAIN_SELF = YES;
				CLANG_WARN_OBJC_LITERAL_CONVERSION = YES;
				CLANG_WARN_OBJC_ROOT_CLASS = YES_ERROR;
				CLANG_WARN_QUOTED_INCLUDE_IN_FRAMEWORK_HEADER = YES;
				CLANG_WARN_RANGE_LOOP_ANALYSIS = YES;
				CLANG_WARN_STRICT_PROTOTYPES = YES;
				CLANG_WARN_SUSPICIOUS_MOVE = YES;
				CLANG_WARN_UNGUARDED_AVAILABILITY = YES_AGGRESSIVE;
				CLANG_WARN_UNREACHABLE_CODE = YES;
				CLANG_WARN__DUPLICATE_METHOD_MATCH = YES;
				COPY_PHASE_STRIP = NO;
				DEBUG_INFORMATION_FORMAT = "dwarf-with-dsym";
				ENABLE_NS_ASSERTIONS = NO;
				ENABLE_STRICT_OBJC_MSGSEND = YES;
				ENABLE_USER_SCRIPT_SANDBOXING = YES;
				GCC_C_LANGUAGE_STANDARD = gnu17;
				GCC_NO_COMMON_BLOCKS = YES;
				GCC_WARN_64_TO_32_BIT_CONVERSION = YES;
				GCC_WARN_ABOUT_RETURN_TYPE = YES_ERROR;
				GCC_WARN_UNDECLARED_SELECTOR = YES;
				GCC_WARN_UNINITIALIZED_AUTOS = YES_AGGRESSIVE;
				GCC_WARN_UNUSED_FUNCTION = YES;
				GCC_WARN_UNUSED_VARIABLE = YES;
				IPHONEOS_DEPLOYMENT_TARGET = 26.2;
				LOCALIZATION_PREFERS_STRING_CATALOGS = YES;
				MTL_ENABLE_DEBUG_INFO = NO;
				MTL_FAST_MATH = YES;
				SDKROOT = iphoneos;
				SWIFT_COMPILATION_MODE = wholemodule;
				VALIDATE_PRODUCT = YES;
			};
			name = Release;
		};
		2794FDFA3047508200892133 /* Debug */ = {
			isa = XCBuildConfiguration;
			buildSettings = {
				ASSETCATALOG_COMPILER_APPICON_NAME = AppIcon;
				ASSETCATALOG_COMPILER_GLOBAL_ACCENT_COLOR_NAME = AccentColor;
				CODE_SIGN_STYLE = Automatic;
				CURRENT_PROJECT_VERSION = 1;
				ENABLE_PREVIEWS = YES;
				GENERATE_INFOPLIST_FILE = YES;
				INFOPLIST_KEY_UIApplicationSceneManifest_Generation = YES;
				INFOPLIST_KEY_UIApplicationSupportsIndirectInputEvents = YES;
				INFOPLIST_KEY_UILaunchScreen_Generation = YES;
				INFOPLIST_KEY_UISupportedInterfaceOrientations_iPad = "UIInterfaceOrientationPortrait UIInterfaceOrientationPortraitUpsideDown UIInterfaceOrientationLandscapeLeft UIInterfaceOrientationLandscapeRight";
				INFOPLIST_KEY_UISupportedInterfaceOrientations_iPhone = "UIInterfaceOrientationPortrait UIInterfaceOrientationLandscapeLeft UIInterfaceOrientationLandscapeRight";
				LD_RUNPATH_SEARCH_PATHS = (
					"$(inherited)",
					"@executable_path/Frameworks",
				);
				MARKETING_VERSION = 1.0;
				PRODUCT_BUNDLE_IDENTIFIER = com.mertcanunek.KurTakip;
				PRODUCT_NAME = "$(TARGET_NAME)";
				STRING_CATALOG_GENERATE_SYMBOLS = YES;
				SWIFT_APPROACHABLE_CONCURRENCY = YES;
				SWIFT_DEFAULT_ACTOR_ISOLATION = MainActor;
				SWIFT_EMIT_LOC_STRINGS = YES;
				SWIFT_UPCOMING_FEATURE_MEMBER_IMPORT_VISIBILITY = YES;
				SWIFT_VERSION = 5.0;
				TARGETED_DEVICE_FAMILY = "1,2";
			};
			name = Debug;
		};
		2794FDFB3047508200892133 /* Release */ = {
			isa = XCBuildConfiguration;
			buildSettings = {
				ASSETCATALOG_COMPILER_APPICON_NAME = AppIcon;
				ASSETCATALOG_COMPILER_GLOBAL_ACCENT_COLOR_NAME = AccentColor;
				CODE_SIGN_STYLE = Automatic;
				CURRENT_PROJECT_VERSION = 1;
				ENABLE_PREVIEWS = YES;
				GENERATE_INFOPLIST_FILE = YES;
				INFOPLIST_KEY_UIApplicationSceneManifest_Generation = YES;
				INFOPLIST_KEY_UIApplicationSupportsIndirectInputEvents = YES;
				INFOPLIST_KEY_UILaunchScreen_Generation = YES;
				INFOPLIST_KEY_UISupportedInterfaceOrientations_iPad = "UIInterfaceOrientationPortrait UIInterfaceOrientationPortraitUpsideDown UIInterfaceOrientationLandscapeLeft UIInterfaceOrientationLandscapeRight";
				INFOPLIST_KEY_UISupportedInterfaceOrientations_iPhone = "UIInterfaceOrientationPortrait UIInterfaceOrientationLandscapeLeft UIInterfaceOrientationLandscapeRight";
				LD_RUNPATH_SEARCH_PATHS = (
					"$(inherited)",
					"@executable_path/Frameworks",
				);
				MARKETING_VERSION = 1.0;
				PRODUCT_BUNDLE_IDENTIFIER = com.mertcanunek.KurTakip;
				PRODUCT_NAME = "$(TARGET_NAME)";
				STRING_CATALOG_GENERATE_SYMBOLS = YES;
				SWIFT_APPROACHABLE_CONCURRENCY = YES;
				SWIFT_DEFAULT_ACTOR_ISOLATION = MainActor;
				SWIFT_EMIT_LOC_STRINGS = YES;
				SWIFT_UPCOMING_FEATURE_MEMBER_IMPORT_VISIBILITY = YES;
				SWIFT_VERSION = 5.0;
				TARGETED_DEVICE_FAMILY = "1,2";
			};
			name = Release;
		};
		27D972CA3059E00700689950 /* Debug */ = {
			isa = XCBuildConfiguration;
			buildSettings = {
				BUNDLE_LOADER = "$(TEST_HOST)";
				CODE_SIGN_STYLE = Automatic;
				CURRENT_PROJECT_VERSION = 1;
				GENERATE_INFOPLIST_FILE = YES;
				MARKETING_VERSION = 1.0;
				PRODUCT_BUNDLE_IDENTIFIER = com.mertcanunek.KurTakipTests;
				PRODUCT_NAME = "$(TARGET_NAME)";
				STRING_CATALOG_GENERATE_SYMBOLS = NO;
				SWIFT_APPROACHABLE_CONCURRENCY = YES;
				SWIFT_EMIT_LOC_STRINGS = NO;
				SWIFT_UPCOMING_FEATURE_MEMBER_IMPORT_VISIBILITY = YES;
				SWIFT_VERSION = 5.0;
				TARGETED_DEVICE_FAMILY = "1,2";
				TEST_HOST = "$(BUILT_PRODUCTS_DIR)/KurTakip.app/$(BUNDLE_EXECUTABLE_FOLDER_PATH)/KurTakip";
			};
			name = Debug;
		};
		27D972CB3059E00700689950 /* Release */ = {
			isa = XCBuildConfiguration;
			buildSettings = {
				BUNDLE_LOADER = "$(TEST_HOST)";
				CODE_SIGN_STYLE = Automatic;
				CURRENT_PROJECT_VERSION = 1;
				GENERATE_INFOPLIST_FILE = YES;
				MARKETING_VERSION = 1.0;
				PRODUCT_BUNDLE_IDENTIFIER = com.mertcanunek.KurTakipTests;
				PRODUCT_NAME = "$(TARGET_NAME)";
				STRING_CATALOG_GENERATE_SYMBOLS = NO;
				SWIFT_APPROACHABLE_CONCURRENCY = YES;
				SWIFT_EMIT_LOC_STRINGS = NO;
				SWIFT_UPCOMING_FEATURE_MEMBER_IMPORT_VISIBILITY = YES;
				SWIFT_VERSION = 5.0;
				TARGETED_DEVICE_FAMILY = "1,2";
				TEST_HOST = "$(BUILT_PRODUCTS_DIR)/KurTakip.app/$(BUNDLE_EXECUTABLE_FOLDER_PATH)/KurTakip";
			};
			name = Release;
		};
/* End XCBuildConfiguration section */

/* Begin XCConfigurationList section */
		2794FDE93047508000892133 /* Build configuration list for PBXProject "KurTakip" */ = {
			isa = XCConfigurationList;
			buildConfigurations = (
				2794FDF73047508200892133 /* Debug */,
				2794FDF83047508200892133 /* Release */,
			);
			defaultConfigurationIsVisible = 0;
			defaultConfigurationName = Release;
		};
		2794FDF93047508200892133 /* Build configuration list for PBXNativeTarget "KurTakip" */ = {
			isa = XCConfigurationList;
			buildConfigurations = (
				2794FDFA3047508200892133 /* Debug */,
				2794FDFB3047508200892133 /* Release */,
			);
			defaultConfigurationIsVisible = 0;
			defaultConfigurationName = Release;
		};
		27D972CC3059E00700689950 /* Build configuration list for PBXNativeTarget "KurTakipTests" */ = {
			isa = XCConfigurationList;
			buildConfigurations = (
				27D972CA3059E00700689950 /* Debug */,
				27D972CB3059E00700689950 /* Release */,
			);
			defaultConfigurationIsVisible = 0;
			defaultConfigurationName = Release;
		};
/* End XCConfigurationList section */
	};
	rootObject = 2794FDE63047508000892133 /* Project object */;
}
